// !$*UTF8*$!
{
	archiveVersion = 1;
	classes = {
	};
	objectVersion = 46;
	objects = {

/* Begin PBXBuildFile section */
		639266AB1F146E0200837375 /* AppDelegate.swift in Sources */ = {isa = PBXBuildFile; fileRef = 639266AA1F146E0200837375 /* AppDelegate.swift */; };
		639266AD1F146E0200837375 /* ViewController.swift in Sources */ = {isa = PBXBuildFile; fileRef = 639266AC1F146E0200837375 /* ViewController.swift */; };
		639266B01F146E0200837375 /* Main.storyboard in Resources */ = {isa = PBXBuildFile; fileRef = 639266AE1F146E0200837375 /* Main.storyboard */; };
		639266B21F146E0200837375 /* Assets.xcassets in Resources */ = {isa = PBXBuildFile; fileRef = 639266B11F146E0200837375 /* Assets.xcassets */; };
		639266B51F146E0200837375 /* LaunchScreen.storyboard in Resources */ = {isa = PBXBuildFile; fileRef = 639266B31F146E0200837375 /* LaunchScreen.storyboard */; };
		639BF7511F185F7100D96C4B /* TECPlayer.swift in Sources */ = {isa = PBXBuildFile; fileRef = 639BF7501F185F7100D96C4B /* TECPlayer.swift */; };
		C4FA85061F193DB400552809 /* TECPlayerItem.swift in Sources */ = {isa = PBXBuildFile; fileRef = C4FA85051F193DB400552809 /* TECPlayerItem.swift */; };
		CD3982489908FB1748F9722A /* Pods_MusicTest.framework in Frameworks */ = {isa = PBXBuildFile; fileRef = CA73693E411C79DAA8A4B3CB /* Pods_MusicTest.framework */; };
/* End PBXBuildFile section */

/* Begin PBXFileReference section */
		1CDDF0B7E26A90E9B29F25C4 /* Pods-MusicTest.release.xcconfig */ = {isa = PBXFileReference; includeInIndex = 1; lastKnownFileType = text.xcconfig; name = "Pods-MusicTest.release.xcconfig"; path = "Pods/Target Support Files/Pods-MusicTest/Pods-MusicTest.release.xcconfig"; sourceTree = "<group>"; };
		639266A71F146E0200837375 /* MusicTest.app */ = {isa = PBXFileReference; explicitFileType = wrapper.application; includeInIndex = 0; path = MusicTest.app; sourceTree = BUILT_PRODUCTS_DIR; };
		639266AA1F146E0200837375 /* AppDelegate.swift */ = {isa = PBXFileReference; lastKnownFileType = sourcecode.swift; path = AppDelegate.swift; sourceTree = "<group>"; };
		639266AC1F146E0200837375 /* ViewController.swift */ = {isa = PBXFileReference; lastKnownFileType = sourcecode.swift; path = ViewController.swift; sourceTree = "<group>"; };
		639266AF1F146E0200837375 /* Base */ = {isa = PBXFileReference; lastKnownFileType = file.storyboard; name = Base; path = Base.lproj/Main.storyboard; sourceTree = "<group>"; };
		639266B11F146E0200837375 /* Assets.xcassets */ = {isa = PBXFileReference; lastKnownFileType = folder.assetcatalog; path = Assets.xcassets; sourceTree = "<group>"; };
		639266B41F146E0200837375 /* Base */ = {isa = PBXFileReference; lastKnownFileType = file.storyboard; name = Base; path = Base.lproj/LaunchScreen.storyboard; sourceTree = "<group>"; };
		639266B61F146E0200837375 /* Info.plist */ = {isa = PBXFileReference; lastKnownFileType = text.plist.xml; path = Info.plist; sourceTree = "<group>"; };
		639BF7501F185F7100D96C4B /* TECPlayer.swift */ = {isa = PBXFileReference; fileEncoding = 4; lastKnownFileType = sourcecode.swift; path = TECPlayer.swift; sourceTree = "<group>"; };
		96ECB1F3384C38955A03471E /* Pods-MusicTest.debug.xcconfig */ = {isa = PBXFileReference; includeInIndex = 1; lastKnownFileType = text.xcconfig; name = "Pods-MusicTest.debug.xcconfig"; path = "Pods/Target Support Files/Pods-MusicTest/Pods-MusicTest.debug.xcconfig"; sourceTree = "<group>"; };
		C4FA85051F193DB400552809 /* TECPlayerItem.swift */ = {isa = PBXFileReference; fileEncoding = 4; lastKnownFileType = sourcecode.swift; path = TECPlayerItem.swift; sourceTree = "<group>"; };
		CA73693E411C79DAA8A4B3CB /* Pods_MusicTest.framework */ = {isa = PBXFileReference; explicitFileType = wrapper.framework; includeInIndex = 0; path = Pods_MusicTest.framework; sourceTree = BUILT_PRODUCTS_DIR; };
/* End PBXFileReference section */

/* Begin PBXFrameworksBuildPhase section */
		639266A41F146E0200837375 /* Frameworks */ = {
			isa = PBXFrameworksBuildPhase;
			buildActionMask = 2147483647;
			files = (
				CD3982489908FB1748F9722A /* Pods_MusicTest.framework in Frameworks */,
			);
			runOnlyForDeploymentPostprocessing = 0;
		};
/* End PBXFrameworksBuildPhase section */

/* Begin PBXGroup section */
		35EAB68D7CF9D8FC01E54912 /* Pods */ = {
			isa = PBXGroup;
			children = (
				96ECB1F3384C38955A03471E /* Pods-MusicTest.debug.xcconfig */,
				1CDDF0B7E26A90E9B29F25C4 /* Pods-MusicTest.release.xcconfig */,
			);
			name = Pods;
			sourceTree = "<group>";
		};
		6392669E1F146E0200837375 = {
			isa = PBXGroup;
			children = (
				639266A91F146E0200837375 /* MusicTest */,
				639266A81F146E0200837375 /* Products */,
				35EAB68D7CF9D8FC01E54912 /* Pods */,
				D4ABF1D555EF4F05A39BCD3A /* Frameworks */,
			);
			sourceTree = "<group>";
		};
		639266A81F146E0200837375 /* Products */ = {
			isa = PBXGroup;
			children = (
				639266A71F146E0200837375 /* MusicTest.app */,
			);
			name = Products;
			sourceTree = "<group>";
		};
		639266A91F146E0200837375 /* MusicTest */ = {
			isa = PBXGroup;
			children = (
				639266AA1F146E0200837375 /* AppDelegate.swift */,
				639266AC1F146E0200837375 /* ViewController.swift */,
				639BF7501F185F7100D96C4B /* TECPlayer.swift */,
				C4FA85051F193DB400552809 /* TECPlayerItem.swift */,
				639266AE1F146E0200837375 /* Main.storyboard */,
				639266B11F146E0200837375 /* Assets.xcassets */,
				639266B31F146E0200837375 /* LaunchScreen.storyboard */,
				639266B61F146E0200837375 /* Info.plist */,
			);
			path = MusicTest;
			sourceTree = "<group>";
		};
		D4ABF1D555EF4F05A39BCD3A /* Frameworks */ = {
			isa = PBXGroup;
			children = (
				CA73693E411C79DAA8A4B3CB /* Pods_MusicTest.framework */,
			);
			name = Frameworks;
			sourceTree = "<group>";
		};
/* End PBXGroup section */

/* Begin PBXNativeTarget section */
		639266A61F146E0200837375 /* MusicTest */ = {
			isa = PBXNativeTarget;
			buildConfigurationList = 639266B91F146E0200837375 /* Build configuration list for PBXNativeTarget "MusicTest" */;
			buildPhases = (
				F99F7ABA6BAA0821FF98B444 /* [CP] Check Pods Manifest.lock */,
				639266A31F146E0200837375 /* Sources */,
				639266A41F146E0200837375 /* Frameworks */,
				639266A51F146E0200837375 /* Resources */,
				D59560314BCB9123A7CDF279 /* [CP] Embed Pods Frameworks */,
				2F723AACBC7626AC7ADCDC95 /* [CP] Copy Pods Resources */,
			);
			buildRules = (
			);
			dependencies = (
			);
			name = MusicTest;
			productName = MusicTest;
			productReference = 639266A71F146E0200837375 /* MusicTest.app */;
			productType = "com.apple.product-type.application";
		};
/* End PBXNativeTarget section */

/* Begin PBXProject section */
		6392669F1F146E0200837375 /* Project object */ = {
			isa = PBXProject;
			attributes = {
				LastSwiftUpdateCheck = 0830;
				LastUpgradeCheck = 0830;
				ORGANIZATIONNAME = EnzoLiu;
				TargetAttributes = {
					639266A61F146E0200837375 = {
						CreatedOnToolsVersion = 8.3.3;
						DevelopmentTeam = EM689TFCDD;
						LastSwiftMigration = 0830;
						ProvisioningStyle = Automatic;
						SystemCapabilities = {
							com.apple.BackgroundModes = {
								enabled = 1;
							};
						};
					};
				};
			};
			buildConfigurationList = 639266A21F146E0200837375 /* Build configuration list for PBXProject "MusicTest" */;
			compatibilityVersion = "Xcode 3.2";
			developmentRegion = English;
			hasScannedForEncodings = 0;
			knownRegions = (
				en,
				Base,
			);
			mainGroup = 6392669E1F146E0200837375;
			productRefGroup = 639266A81F146E0200837375 /* Products */;
			projectDirPath = "";
			projectRoot = "";
			targets = (
				639266A61F146E0200837375 /* MusicTest */,
			);
		};
/* End PBXProject section */

/* Begin PBXResourcesBuildPhase section */
		639266A51F146E0200837375 /* Resources */ = {
			isa = PBXResourcesBuildPhase;
			buildActionMask = 2147483647;
			files = (
				639266B51F146E0200837375 /* LaunchScreen.storyboard in Resources */,
				639266B21F146E0200837375 /* Assets.xcassets in Resources */,
				639266B01F146E0200837375 /* Main.storyboard in Resources */,
			);
			runOnlyForDeploymentPostprocessing = 0;
		};
/* End PBXResourcesBuildPhase section */

/* Begin PBXShellScriptBuildPhase section */
		2F723AACBC7626AC7ADCDC95 /* [CP] Copy Pods Resources */ = {
			isa = PBXShellScriptBuildPhase;
			buildActionMask = 2147483647;
			files = (
			);
			inputPaths = (
			);
			name = "[CP] Copy Pods Resources";
			outputPaths = (
			);
			runOnlyForDeploymentPostprocessing = 0;
			shellPath = /bin/sh;
			shellScript = "\"${SRCROOT}/Pods/Target Support Files/Pods-MusicTest/Pods-MusicTest-resources.sh\"\n";
			showEnvVarsInLog = 0;
		};
		D59560314BCB9123A7CDF279 /* [CP] Embed Pods Frameworks */ = {
			isa = PBXShellScriptBuildPhase;
			buildActionMask = 2147483647;
			files = (
			);
			inputPaths = (
			);
			name = "[CP] Embed Pods Frameworks";
			outputPaths = (
			);
			runOnlyForDeploymentPostprocessing = 0;
			shellPath = /bin/sh;
			shellScript = "\"${SRCROOT}/Pods/Target Support Files/Pods-MusicTest/Pods-MusicTest-frameworks.sh\"\n";
			showEnvVarsInLog = 0;
		};
		F99F7ABA6BAA0821FF98B444 /* [CP] Check Pods Manifest.lock */ = {
			isa = PBXShellScriptBuildPhase;
			buildActionMask = 2147483647;
			files = (
			);
			inputPaths = (
			);
			name = "[CP] Check Pods Manifest.lock";
			outputPaths = (
			);
			runOnlyForDeploymentPostprocessing = 0;
			shellPath = /bin/sh;
			shellScript = "diff \"${PODS_ROOT}/../Podfile.lock\" \"${PODS_ROOT}/Manifest.lock\" > /dev/null\nif [ $? != 0 ] ; then\n    # print error to STDERR\n    echo \"error: The sandbox is not in sync with the Podfile.lock. Run 'pod install' or update your CocoaPods installation.\" >&2\n    exit 1\nfi\n";
			showEnvVarsInLog = 0;
		};
/* End PBXShellScriptBuildPhase section */

/* Begin PBXSourcesBuildPhase section */
		639266A31F146E0200837375 /* Sources */ = {
			isa = PBXSourcesBuildPhase;
			buildActionMask = 2147483647;
			files = (
				639266AD1F146E0200837375 /* ViewController.swift in Sources */,
				639266AB1F146E0200837375 /* AppDelegate.swift in Sources */,
				C4FA85061F193DB400552809 /* TECPlayerItem.swift in Sources */,
				639BF7511F185F7100D96C4B /* TECPlayer.swift in Sources */,
			);
			runOnlyForDeploymentPostprocessing = 0;
		};
/* End PBXSourcesBuildPhase section */

/* Begin PBXVariantGroup section */
		639266AE1F146E0200837375 /* Main.storyboard */ = {
			isa = PBXVariantGroup;
			children = (
				639266AF1F146E0200837375 /* Base */,
			);
			name = Main.storyboard;
			sourceTree = "<group>";
		};
		639266B31F146E0200837375 /* LaunchScreen.storyboard */ = {
			isa = PBXVariantGroup;
			children = (
				639266B41F146E0200837375 /* Base */,
			);
			name = LaunchScreen.storyboard;
			sourceTree = "<group>";
		};
/* End PBXVariantGroup section */

/* Begin XCBuildConfiguration section */
		639266B71F146E0200837375 /* Debug */ = {
			isa = XCBuildConfiguration;
			buildSettings = {
				ALWAYS_SEARCH_USER_PATHS = NO;
				CLANG_ANALYZER_NONNULL = YES;
				CLANG_ANALYZER_NUMBER_OBJECT_CONVERSION = YES_AGGRESSIVE;
				CLANG_CXX_LANGUAGE_STANDARD = "gnu++0x";
				CLANG_CXX_LIBRARY = "libc++";
				CLANG_ENABLE_MODULES = YES;
				CLANG_ENABLE_OBJC_ARC = YES;
				CLANG_WARN_BOOL_CONVERSION = YES;
				CLANG_WARN_CONSTANT_CONVERSION = YES;
				CLANG_WARN_DIRECT_OBJC_ISA_USAGE = YES_ERROR;
				CLANG_WARN_DOCUMENTATION_COMMENTS = YES;
				CLANG_WARN_EMPTY_BODY = YES;
				CLANG_WARN_ENUM_CONVERSION = YES;
				CLANG_WARN_INFINITE_RECURSION = YES;
				CLANG_WARN_INT_CONVERSION = YES;
				CLANG_WARN_OBJC_ROOT_CLASS = YES_ERROR;
				CLANG_WARN_SUSPICIOUS_MOVE = YES;
				CLANG_WARN_UNREACHABLE_CODE = YES;
				CLANG_WARN__DUPLICATE_METHOD_MATCH = YES;
				"CODE_SIGN_IDENTITY[sdk=iphoneos*]" = "iPhone Developer";
				COPY_PHASE_STRIP = NO;
				DEBUG_INFORMATION_FORMAT = dwarf;
				ENABLE_STRICT_OBJC_MSGSEND = YES;
				ENABLE_TESTABILITY = YES;
				GCC_C_LANGUAGE_STANDARD = gnu99;
				GCC_DYNAMIC_NO_PIC = NO;
				GCC_NO_COMMON_BLOCKS = YES;
				GCC_OPTIMIZATION_LEVEL = 0;
				GCC_PREPROCESSOR_DEFINITIONS = (
					"DEBUG=1",
					"$(inherited)",
				);
				GCC_WARN_64_TO_32_BIT_CONVERSION = YES;
				GCC_WARN_ABOUT_RETURN_TYPE = YES_ERROR;
				GCC_WARN_UNDECLARED_SELECTOR = YES;
				GCC_WARN_UNINITIALIZED_AUTOS = YES_AGGRESSIVE;
				GCC_WARN_UNUSED_FUNCTION = YES;
				GCC_WARN_UNUSED_VARIABLE = YES;
				IPHONEOS_DEPLOYMENT_TARGET = 10.3;
				MTL_ENABLE_DEBUG_INFO = YES;
				ONLY_ACTIVE_ARCH = YES;
				SDKROOT = iphoneos;
				SWIFT_ACTIVE_COMPILATION_CONDITIONS = DEBUG;
				SWIFT_OPTIMIZATION_LEVEL = "-Onone";
			};
			name = Debug;
		};
		639266B81F146E0200837375 /* Release */ = {
			isa = XCBuildConfiguration;
			buildSettings = {
				ALWAYS_SEARCH_USER_PATHS = NO;
				CLANG_ANALYZER_NONNULL = YES;
				CLANG_ANALYZER_NUMBER_OBJECT_CONVERSION = YES_AGGRESSIVE;
				CLANG_CXX_LANGUAGE_STANDARD = "gnu++0x";
				CLANG_CXX_LIBRARY = "libc++";
				CLANG_ENABLE_MODULES = YES;
				CLANG_ENABLE_OBJC_ARC = YES;
				CLANG_WARN_BOOL_CONVERSION = YES;
				CLANG_WARN_CONSTANT_CONVERSION = YES;
				CLANG_WARN_DIRECT_OBJC_ISA_USAGE = YES_ERROR;
				CLANG_WARN_DOCUMENTATION_COMMENTS = YES;
				CLANG_WARN_EMPTY_BODY = YES;
				CLANG_WARN_ENUM_CONVERSION = YES;
				CLANG_WARN_INFINITE_RECURSION = YES;
				CLANG_WARN_INT_CONVERSION = YES;
				CLANG_WARN_OBJC_ROOT_CLASS = YES_ERROR;
				CLANG_WARN_SUSPICIOUS_MOVE = YES;
				CLANG_WARN_UNREACHABLE_CODE = YES;
				CLANG_WARN__DUPLICATE_METHOD_MATCH = YES;
				"CODE_SIGN_IDENTITY[sdk=iphoneos*]" = "iPhone Developer";
				COPY_PHASE_STRIP = NO;
				DEBUG_INFORMATION_FORMAT = "dwarf-with-dsym";
				ENABLE_NS_ASSERTIONS = NO;
				ENABLE_STRICT_OBJC_MSGSEND = YES;
				GCC_C_LANGUAGE_STANDARD = gnu99;
				GCC_NO_COMMON_BLOCKS = YES;
				GCC_WARN_64_TO_32_BIT_CONVERSION = YES;
				GCC_WARN_ABOUT_RETURN_TYPE = YES_ERROR;
				GCC_WARN_UNDECLARED_SELECTOR = YES;
				GCC_WARN_UNINITIALIZED_AUTOS = YES_AGGRESSIVE;
				GCC_WARN_UNUSED_FUNCTION = YES;
				GCC_WARN_UNUSED_VARIABLE = YES;
				IPHONEOS_DEPLOYMENT_TARGET = 10.3;
				MTL_ENABLE_DEBUG_INFO = NO;
				SDKROOT = iphoneos;
				SWIFT_OPTIMIZATION_LEVEL = "-Owholemodule";
				VALIDATE_PRODUCT = YES;
			};
			name = Release;
		};
		639266BA1F146E0200837375 /* Debug */ = {
			isa = XCBuildConfiguration;
			baseConfigurationReference = 96ECB1F3384C38955A03471E /* Pods-MusicTest.debug.xcconfig */;
			buildSettings = {
				ASSETCATALOG_COMPILER_APPICON_NAME = AppIcon;
				CLANG_ENABLE_MODULES = YES;
				DEVELOPMENT_TEAM = EM689TFCDD;
				INFOPLIST_FILE = MusicTest/Info.plist;
				LD_RUNPATH_SEARCH_PATHS = "$(inherited) @executable_path/Frameworks";
				PRODUCT_BUNDLE_IDENTIFIER = com.enzoliu.MusicTest;
				PRODUCT_NAME = "$(TARGET_NAME)";
				SWIFT_OBJC_BRIDGING_HEADER = "";
				SWIFT_OPTIMIZATION_LEVEL = "-Onone";
				SWIFT_VERSION = 3.0;
			};
			name = Debug;
		};
		639266BB1F146E0200837375 /* Release */ = {
			isa = XCBuildConfiguration;
			baseConfigurationReference = 1CDDF0B7E26A90E9B29F25C4 /* Pods-MusicTest.release.xcconfig */;
			buildSettings = {
				ASSETCATALOG_COMPILER_APPICON_NAME = AppIcon;
				CLANG_ENABLE_MODULES = YES;
				DEVELOPMENT_TEAM = EM689TFCDD;
				INFOPLIST_FILE = MusicTest/Info.plist;
				LD_RUNPATH_SEARCH_PATHS = "$(inherited) @executable_path/Frameworks";
				PRODUCT_BUNDLE_IDENTIFIER = com.enzoliu.MusicTest;
				PRODUCT_NAME = "$(TARGET_NAME)";
				SWIFT_OBJC_BRIDGING_HEADER = "";
				SWIFT_VERSION = 3.0;
			};
			name = Release;
		};
/* End XCBuildConfiguration section */

/* Begin XCConfigurationList section */
		639266A21F146E0200837375 /* Build configuration list for PBXProject "MusicTest" */ = {
			isa = XCConfigurationList;
			buildConfigurations = (
				639266B71F146E0200837375 /* Debug */,
				639266B81F146E0200837375 /* Release */,
			);
			defaultConfigurationIsVisible = 0;
			defaultConfigurationName = Release;
		};
		639266B91F146E0200837375 /* Build configuration list for PBXNativeTarget "MusicTest" */ = {
			isa = XCConfigurationList;
			buildConfigurations = (
				639266BA1F146E0200837375 /* Debug */,
				639266BB1F146E0200837375 /* Release */,
			);
			defaultConfigurationIsVisible = 0;
			defaultConfigurationName = Release;
		};
/* End XCConfigurationList section */
	};
	rootObject = 6392669F1F146E0200837375 /* Project object */;
}
